// !$*UTF8*$!
{
	archiveVersion = 1;
	classes = {
	};
	objectVersion = 56;
	objects = {

/* Begin PBXBuildFile section */
		9E208E742979B3F5001CF701 /* Fiftneen_iOSApp.swift in Sources */ = {isa = PBXBuildFile; fileRef = 9E208E732979B3F5001CF701 /* Fiftneen_iOSApp.swift */; };
		9E208E762979B3F5001CF701 /* ContentView.swift in Sources */ = {isa = PBXBuildFile; fileRef = 9E208E752979B3F5001CF701 /* ContentView.swift */; };
		9E208E782979B3F8001CF701 /* Assets.xcassets in Resources */ = {isa = PBXBuildFile; fileRef = 9E208E772979B3F8001CF701 /* Assets.xcassets */; };
		9E208E7B2979B3F8001CF701 /* Preview Assets.xcassets in Resources */ = {isa = PBXBuildFile; fileRef = 9E208E7A2979B3F8001CF701 /* Preview Assets.xcassets */; };
		9E208E86297A7DDF001CF701 /* SearchPlantView.swift in Sources */ = {isa = PBXBuildFile; fileRef = 9E208E85297A7DDF001CF701 /* SearchPlantView.swift */; };
		9E208E8A297A7F06001CF701 /* GardenView.swift in Sources */ = {isa = PBXBuildFile; fileRef = 9E208E89297A7F06001CF701 /* GardenView.swift */; };
		9E208EBB297AC94D001CF701 /* ViewController.swift in Sources */ = {isa = PBXBuildFile; fileRef = 9E208EBA297AC94D001CF701 /* ViewController.swift */; };
		9E8F5C73297D4EBF00A760CF /* SearchPlantResultView.swift in Sources */ = {isa = PBXBuildFile; fileRef = 9E8F5C72297D4EBF00A760CF /* SearchPlantResultView.swift */; };
		9E8F5C77297D52B100A760CF /* PlantAnalizer.swift in Sources */ = {isa = PBXBuildFile; fileRef = 9E8F5C76297D52B100A760CF /* PlantAnalizer.swift */; };
/* End PBXBuildFile section */

/* Begin PBXFileReference section */
		9E208E702979B3F5001CF701 /* Fiftneen-iOS.app */ = {isa = PBXFileReference; explicitFileType = wrapper.application; includeInIndex = 0; path = "Fiftneen-iOS.app"; sourceTree = BUILT_PRODUCTS_DIR; };
		9E208E732979B3F5001CF701 /* Fiftneen_iOSApp.swift */ = {isa = PBXFileReference; lastKnownFileType = sourcecode.swift; path = Fiftneen_iOSApp.swift; sourceTree = "<group>"; };
		9E208E752979B3F5001CF701 /* ContentView.swift */ = {isa = PBXFileReference; lastKnownFileType = sourcecode.swift; path = ContentView.swift; sourceTree = "<group>"; };
		9E208E772979B3F8001CF701 /* Assets.xcassets */ = {isa = PBXFileReference; lastKnownFileType = folder.assetcatalog; path = Assets.xcassets; sourceTree = "<group>"; };
		9E208E7A2979B3F8001CF701 /* Preview Assets.xcassets */ = {isa = PBXFileReference; lastKnownFileType = folder.assetcatalog; path = "Preview Assets.xcassets"; sourceTree = "<group>"; };
		9E208E85297A7DDF001CF701 /* SearchPlantView.swift */ = {isa = PBXFileReference; lastKnownFileType = sourcecode.swift; path = SearchPlantView.swift; sourceTree = "<group>"; };
		9E208E89297A7F06001CF701 /* GardenView.swift */ = {isa = PBXFileReference; lastKnownFileType = sourcecode.swift; path = GardenView.swift; sourceTree = "<group>"; };
		9E208EBA297AC94D001CF701 /* ViewController.swift */ = {isa = PBXFileReference; lastKnownFileType = sourcecode.swift; path = ViewController.swift; sourceTree = "<group>"; };
		9E208EBC297ACB2C001CF701 /* Info.plist */ = {isa = PBXFileReference; lastKnownFileType = text.plist; path = Info.plist; sourceTree = "<group>"; };
		9E8F5C72297D4EBF00A760CF /* SearchPlantResultView.swift */ = {isa = PBXFileReference; lastKnownFileType = sourcecode.swift; path = SearchPlantResultView.swift; sourceTree = "<group>"; };
		9E8F5C76297D52B100A760CF /* PlantAnalizer.swift */ = {isa = PBXFileReference; lastKnownFileType = sourcecode.swift; path = PlantAnalizer.swift; sourceTree = "<group>"; };
/* End PBXFileReference section */

/* Begin PBXFrameworksBuildPhase section */
		9E208E6D2979B3F5001CF701 /* Frameworks */ = {
			isa = PBXFrameworksBuildPhase;
			buildActionMask = 2147483647;
			files = (
			);
			runOnlyForDeploymentPostprocessing = 0;
		};
/* End PBXFrameworksBuildPhase section */

/* Begin PBXGroup section */
		9E208E672979B3F5001CF701 = {
			isa = PBXGroup;
			children = (
				9E208E722979B3F5001CF701 /* Fiftneen-iOS */,
				9E208E712979B3F5001CF701 /* Products */,
			);
			sourceTree = "<group>";
		};
		9E208E712979B3F5001CF701 /* Products */ = {
			isa = PBXGroup;
			children = (
				9E208E702979B3F5001CF701 /* Fiftneen-iOS.app */,
			);
			name = Products;
			sourceTree = "<group>";
		};
		9E208E722979B3F5001CF701 /* Fiftneen-iOS */ = {
			isa = PBXGroup;
			children = (
				9E208EBC297ACB2C001CF701 /* Info.plist */,
				9E208E8D297AC698001CF701 /* Source */,
				9E208E8C297AC67D001CF701 /* UI */,
				9E208E772979B3F8001CF701 /* Assets.xcassets */,
				9E208E792979B3F8001CF701 /* Preview Content */,
			);
			path = "Fiftneen-iOS";
			sourceTree = "<group>";
		};
		9E208E792979B3F8001CF701 /* Preview Content */ = {
			isa = PBXGroup;
			children = (
				9E208E7A2979B3F8001CF701 /* Preview Assets.xcassets */,
			);
			path = "Preview Content";
			sourceTree = "<group>";
		};
		9E208E83297A7DAD001CF701 /* Garden */ = {
			isa = PBXGroup;
			children = (
				9E208E89297A7F06001CF701 /* GardenView.swift */,
				9E208E84297A7DBF001CF701 /* Search Plant */,
				9E208E8B297A7FFF001CF701 /* Plant */,
			);
			path = Garden;
			sourceTree = "<group>";
		};
		9E208E84297A7DBF001CF701 /* Search Plant */ = {
			isa = PBXGroup;
			children = (
				9E208E85297A7DDF001CF701 /* SearchPlantView.swift */,
				9E8F5C72297D4EBF00A760CF /* SearchPlantResultView.swift */,
			);
			path = "Search Plant";
			sourceTree = "<group>";
		};
		9E208E87297A7DE7001CF701 /* Profile */ = {
			isa = PBXGroup;
			children = (
			);
			path = Profile;
			sourceTree = "<group>";
		};
		9E208E88297A7DEF001CF701 /* Settings */ = {
			isa = PBXGroup;
			children = (
			);
			path = Settings;
			sourceTree = "<group>";
		};
		9E208E8B297A7FFF001CF701 /* Plant */ = {
			isa = PBXGroup;
			children = (
			);
			path = Plant;
			sourceTree = "<group>";
		};
		9E208E8C297AC67D001CF701 /* UI */ = {
			isa = PBXGroup;
			children = (
				9E208E732979B3F5001CF701 /* Fiftneen_iOSApp.swift */,
				9E208E752979B3F5001CF701 /* ContentView.swift */,
				9E208E88297A7DEF001CF701 /* Settings */,
				9E208E87297A7DE7001CF701 /* Profile */,
				9E208E83297A7DAD001CF701 /* Garden */,
			);
			path = UI;
			sourceTree = "<group>";
		};
		9E208E8D297AC698001CF701 /* Source */ = {
			isa = PBXGroup;
			children = (
				9E208EB8297AC92B001CF701 /* Image Recognition */,
			);
			path = Source;
			sourceTree = "<group>";
		};
		9E208EB8297AC92B001CF701 /* Image Recognition */ = {
			isa = PBXGroup;
			children = (
				9E208EB9297AC935001CF701 /* Camera Managment */,
				9E8F5C76297D52B100A760CF /* PlantAnalizer.swift */,
			);
			path = "Image Recognition";
			sourceTree = "<group>";
		};
		9E208EB9297AC935001CF701 /* Camera Managment */ = {
			isa = PBXGroup;
			children = (
				9E208EBA297AC94D001CF701 /* ViewController.swift */,
			);
			path = "Camera Managment";
			sourceTree = "<group>";
		};
/* End PBXGroup section */

/* Begin PBXNativeTarget section */
		9E208E6F2979B3F5001CF701 /* Fiftneen-iOS */ = {
			isa = PBXNativeTarget;
			buildConfigurationList = 9E208E7E2979B3F8001CF701 /* Build configuration list for PBXNativeTarget "Fiftneen-iOS" */;
			buildPhases = (
				9E208E6C2979B3F5001CF701 /* Sources */,
				9E208E6D2979B3F5001CF701 /* Frameworks */,
				9E208E6E2979B3F5001CF701 /* Resources */,
			);
			buildRules = (
			);
			dependencies = (
			);
			name = "Fiftneen-iOS";
			productName = "Fiftneen-iOS";
			productReference = 9E208E702979B3F5001CF701 /* Fiftneen-iOS.app */;
			productType = "com.apple.product-type.application";
		};
/* End PBXNativeTarget section */

/* Begin PBXProject section */
		9E208E682979B3F5001CF701 /* Project object */ = {
			isa = PBXProject;
			attributes = {
				BuildIndependentTargetsInParallel = 1;
				LastSwiftUpdateCheck = 1400;
				LastUpgradeCheck = 1400;
				TargetAttributes = {
					9E208E6F2979B3F5001CF701 = {
						CreatedOnToolsVersion = 14.0.1;
					};
				};
			};
			buildConfigurationList = 9E208E6B2979B3F5001CF701 /* Build configuration list for PBXProject "Fiftneen-iOS" */;
			compatibilityVersion = "Xcode 14.0";
			developmentRegion = en;
			hasScannedForEncodings = 0;
			knownRegions = (
				en,
				Base,
			);
			mainGroup = 9E208E672979B3F5001CF701;
			productRefGroup = 9E208E712979B3F5001CF701 /* Products */;
			projectDirPath = "";
			projectRoot = "";
			targets = (
				9E208E6F2979B3F5001CF701 /* Fiftneen-iOS */,
			);
		};
/* End PBXProject section */

/* Begin PBXResourcesBuildPhase section */
		9E208E6E2979B3F5001CF701 /* Resources */ = {
			isa = PBXResourcesBuildPhase;
			buildActionMask = 2147483647;
			files = (
				9E208E7B2979B3F8001CF701 /* Preview Assets.xcassets in Resources */,
				9E208E782979B3F8001CF701 /* Assets.xcassets in Resources */,
			);
			runOnlyForDeploymentPostprocessing = 0;
		};
/* End PBXResourcesBuildPhase section */

/* Begin PBXSourcesBuildPhase section */
		9E208E6C2979B3F5001CF701 /* Sources */ = {
			isa = PBXSourcesBuildPhase;
			buildActionMask = 2147483647;
			files = (
				9E208EBB297AC94D001CF701 /* ViewController.swift in Sources */,
				9E208E762979B3F5001CF701 /* ContentView.swift in Sources */,
				9E208E8A297A7F06001CF701 /* GardenView.swift in Sources */,
				9E208E742979B3F5001CF701 /* Fiftneen_iOSApp.swift in Sources */,
				9E208E86297A7DDF001CF701 /* SearchPlantView.swift in Sources */,
				9E8F5C73297D4EBF00A760CF /* SearchPlantResultView.swift in Sources */,
				9E8F5C77297D52B100A760CF /* PlantAnalizer.swift in Sources */,
			);
			runOnlyForDeploymentPostprocessing = 0;
		};
/* End PBXSourcesBuildPhase section */

/* Begin XCBuildConfiguration section */
		9E208E7C2979B3F8001CF701 /* Debug */ = {
			isa = XCBuildConfiguration;
			buildSettings = {
				ALWAYS_SEARCH_USER_PATHS = NO;
				CLANG_ANALYZER_NONNULL = YES;
				CLANG_ANALYZER_NUMBER_OBJECT_CONVERSION = YES_AGGRESSIVE;
				CLANG_CXX_LANGUAGE_STANDARD = "gnu++20";
				CLANG_ENABLE_MODULES = YES;
				CLANG_ENABLE_OBJC_ARC = YES;
				CLANG_ENABLE_OBJC_WEAK = YES;
				CLANG_WARN_BLOCK_CAPTURE_AUTORELEASING = YES;
				CLANG_WARN_BOOL_CONVERSION = YES;
				CLANG_WARN_COMMA = YES;
				CLANG_WARN_CONSTANT_CONVERSION = YES;
				CLANG_WARN_DEPRECATED_OBJC_IMPLEMENTATIONS = YES;
				CLANG_WARN_DIRECT_OBJC_ISA_USAGE = YES_ERROR;
				CLANG_WARN_DOCUMENTATION_COMMENTS = YES;
				CLANG_WARN_EMPTY_BODY = YES;
				CLANG_WARN_ENUM_CONVERSION = YES;
				CLANG_WARN_INFINITE_RECURSION = YES;
				CLANG_WARN_INT_CONVERSION = YES;
				CLANG_WARN_NON_LITERAL_NULL_CONVERSION = YES;
				CLANG_WARN_OBJC_IMPLICIT_RETAIN_SELF = YES;
				CLANG_WARN_OBJC_LITERAL_CONVERSION = YES;
				CLANG_WARN_OBJC_ROOT_CLASS = YES_ERROR;
				CLANG_WARN_QUOTED_INCLUDE_IN_FRAMEWORK_HEADER = YES;
				CLANG_WARN_RANGE_LOOP_ANALYSIS = YES;
				CLANG_WARN_STRICT_PROTOTYPES = YES;
				CLANG_WARN_SUSPICIOUS_MOVE = YES;
				CLANG_WARN_UNGUARDED_AVAILABILITY = YES_AGGRESSIVE;
				CLANG_WARN_UNREACHABLE_CODE = YES;
				CLANG_WARN__DUPLICATE_METHOD_MATCH = YES;
				COPY_PHASE_STRIP = NO;
				DEBUG_INFORMATION_FORMAT = dwarf;
				ENABLE_STRICT_OBJC_MSGSEND = YES;
				ENABLE_TESTABILITY = YES;
				GCC_C_LANGUAGE_STANDARD = gnu11;
				GCC_DYNAMIC_NO_PIC = NO;
				GCC_NO_COMMON_BLOCKS = YES;
				GCC_OPTIMIZATION_LEVEL = 0;
				GCC_PREPROCESSOR_DEFINITIONS = (
					"DEBUG=1",
					"$(inherited)",
				);
				GCC_WARN_64_TO_32_BIT_CONVERSION = YES;
				GCC_WARN_ABOUT_RETURN_TYPE = YES_ERROR;
				GCC_WARN_UNDECLARED_SELECTOR = YES;
				GCC_WARN_UNINITIALIZED_AUTOS = YES_AGGRESSIVE;
				GCC_WARN_UNUSED_FUNCTION = YES;
				GCC_WARN_UNUSED_VARIABLE = YES;
				IPHONEOS_DEPLOYMENT_TARGET = 16.0;
				MTL_ENABLE_DEBUG_INFO = INCLUDE_SOURCE;
				MTL_FAST_MATH = YES;
				ONLY_ACTIVE_ARCH = YES;
				SDKROOT = iphoneos;
				SWIFT_ACTIVE_COMPILATION_CONDITIONS = DEBUG;
				SWIFT_OPTIMIZATION_LEVEL = "-Onone";
			};
			name = Debug;
		};
		9E208E7D2979B3F8001CF701 /* Release */ = {
			isa = XCBuildConfiguration;
			buildSettings = {
				ALWAYS_SEARCH_USER_PATHS = NO;
				CLANG_ANALYZER_NONNULL = YES;
				CLANG_ANALYZER_NUMBER_OBJECT_CONVERSION = YES_AGGRESSIVE;
				CLANG_CXX_LANGUAGE_STANDARD = "gnu++20";
				CLANG_ENABLE_MODULES = YES;
				CLANG_ENABLE_OBJC_ARC = YES;
				CLANG_ENABLE_OBJC_WEAK = YES;
				CLANG_WARN_BLOCK_CAPTURE_AUTORELEASING = YES;
				CLANG_WARN_BOOL_CONVERSION = YES;
				CLANG_WARN_COMMA = YES;
				CLANG_WARN_CONSTANT_CONVERSION = YES;
				CLANG_WARN_DEPRECATED_OBJC_IMPLEMENTATIONS = YES;
				CLANG_WARN_DIRECT_OBJC_ISA_USAGE = YES_ERROR;
				CLANG_WARN_DOCUMENTATION_COMMENTS = YES;
				CLANG_WARN_EMPTY_BODY = YES;
				CLANG_WARN_ENUM_CONVERSION = YES;
				CLANG_WARN_INFINITE_RECURSION = YES;
				CLANG_WARN_INT_CONVERSION = YES;
				CLANG_WARN_NON_LITERAL_NULL_CONVERSION = YES;
				CLANG_WARN_OBJC_IMPLICIT_RETAIN_SELF = YES;
				CLANG_WARN_OBJC_LITERAL_CONVERSION = YES;
				CLANG_WARN_OBJC_ROOT_CLASS = YES_ERROR;
				CLANG_WARN_QUOTED_INCLUDE_IN_FRAMEWORK_HEADER = YES;
				CLANG_WARN_RANGE_LOOP_ANALYSIS = YES;
				CLANG_WARN_STRICT_PROTOTYPES = YES;
				CLANG_WARN_SUSPICIOUS_MOVE = YES;
				CLANG_WARN_UNGUARDED_AVAILABILITY = YES_AGGRESSIVE;
				CLANG_WARN_UNREACHABLE_CODE = YES;
				CLANG_WARN__DUPLICATE_METHOD_MATCH = YES;
				COPY_PHASE_STRIP = NO;
				DEBUG_INFORMATION_FORMAT = "dwarf-with-dsym";
				ENABLE_NS_ASSERTIONS = NO;
				ENABLE_STRICT_OBJC_MSGSEND = YES;
				GCC_C_LANGUAGE_STANDARD = gnu11;
				GCC_NO_COMMON_BLOCKS = YES;
				GCC_WARN_64_TO_32_BIT_CONVERSION = YES;
				GCC_WARN_ABOUT_RETURN_TYPE = YES_ERROR;
				GCC_WARN_UNDECLARED_SELECTOR = YES;
				GCC_WARN_UNINITIALIZED_AUTOS = YES_AGGRESSIVE;
				GCC_WARN_UNUSED_FUNCTION = YES;
				GCC_WARN_UNUSED_VARIABLE = YES;
				IPHONEOS_DEPLOYMENT_TARGET = 16.0;
				MTL_ENABLE_DEBUG_INFO = NO;
				MTL_FAST_MATH = YES;
				SDKROOT = iphoneos;
				SWIFT_COMPILATION_MODE = wholemodule;
				SWIFT_OPTIMIZATION_LEVEL = "-O";
				VALIDATE_PRODUCT = YES;
			};
			name = Release;
		};
		9E208E7F2979B3F8001CF701 /* Debug */ = {
			isa = XCBuildConfiguration;
			buildSettings = {
				ASSETCATALOG_COMPILER_APPICON_NAME = AppIcon;
				ASSETCATALOG_COMPILER_GLOBAL_ACCENT_COLOR_NAME = AccentColor;
				CODE_SIGN_STYLE = Automatic;
				CURRENT_PROJECT_VERSION = 1;
				DEVELOPMENT_ASSET_PATHS = "\"Fiftneen-iOS/Preview Content\"";
				DEVELOPMENT_TEAM = 42SD9U3Y2X;
				ENABLE_PREVIEWS = YES;
				GENERATE_INFOPLIST_FILE = YES;
				INFOPLIST_FILE = "Fiftneen-iOS/Info.plist";
				INFOPLIST_KEY_CFBundleDisplayName = Fifteen;
				INFOPLIST_KEY_LSApplicationCategoryType = "public.app-category.lifestyle";
				INFOPLIST_KEY_NSCameraUsageDescription = "Fifteen usa la camera per riconoscere le tue piante.";
				INFOPLIST_KEY_UIApplicationSceneManifest_Generation = YES;
				INFOPLIST_KEY_UIApplicationSupportsIndirectInputEvents = YES;
				INFOPLIST_KEY_UILaunchScreen_Generation = YES;
				INFOPLIST_KEY_UISupportedInterfaceOrientations = "UIInterfaceOrientationLandscapeLeft UIInterfaceOrientationLandscapeRight UIInterfaceOrientationPortrait";
				INFOPLIST_KEY_UISupportedInterfaceOrientations_iPad = "UIInterfaceOrientationLandscapeLeft UIInterfaceOrientationLandscapeRight UIInterfaceOrientationPortrait UIInterfaceOrientationPortraitUpsideDown";
				LD_RUNPATH_SEARCH_PATHS = (
					"$(inherited)",
					"@executable_path/Frameworks",
				);
				MARKETING_VERSION = 1.0;
				PRODUCT_BUNDLE_IDENTIFIER = "com.OnnwenCassitto.Fiftneen-iOS";
				PRODUCT_NAME = "$(TARGET_NAME)";
				SWIFT_EMIT_LOC_STRINGS = YES;
				SWIFT_VERSION = 5.0;
				TARGETED_DEVICE_FAMILY = "1,2";
			};
			name = Debug;
		};
		9E208E802979B3F8001CF701 /* Release */ = {
			isa = XCBuildConfiguration;
			buildSettings = {
				ASSETCATALOG_COMPILER_APPICON_NAME = AppIcon;
				ASSETCATALOG_COMPILER_GLOBAL_ACCENT_COLOR_NAME = AccentColor;
				CODE_SIGN_STYLE = Automatic;
				CURRENT_PROJECT_VERSION = 1;
				DEVELOPMENT_ASSET_PATHS = "\"Fiftneen-iOS/Preview Content\"";
				DEVELOPMENT_TEAM = 42SD9U3Y2X;
				ENABLE_PREVIEWS = YES;
				GENERATE_INFOPLIST_FILE = YES;
				INFOPLIST_FILE = "Fiftneen-iOS/Info.plist";
				INFOPLIST_KEY_CFBundleDisplayName = Fifteen;
				INFOPLIST_KEY_LSApplicationCategoryType = "public.app-category.lifestyle";
				INFOPLIST_KEY_NSCameraUsageDescription = "Fifteen usa la camera per riconoscere le tue piante.";
				INFOPLIST_KEY_UIApplicationSceneManifest_Generation = YES;
				INFOPLIST_KEY_UIApplicationSupportsIndirectInputEvents = YES;
				INFOPLIST_KEY_UILaunchScreen_Generation = YES;
				INFOPLIST_KEY_UISupportedInterfaceOrientations = "UIInterfaceOrientationLandscapeLeft UIInterfaceOrientationLandscapeRight UIInterfaceOrientationPortrait";
				INFOPLIST_KEY_UISupportedInterfaceOrientations_iPad = "UIInterfaceOrientationLandscapeLeft UIInterfaceOrientationLandscapeRight UIInterfaceOrientationPortrait UIInterfaceOrientationPortraitUpsideDown";
				LD_RUNPATH_SEARCH_PATHS = (
					"$(inherited)",
					"@executable_path/Frameworks",
				);
				MARKETING_VERSION = 1.0;
				PRODUCT_BUNDLE_IDENTIFIER = "com.OnnwenCassitto.Fiftneen-iOS";
				PRODUCT_NAME = "$(TARGET_NAME)";
				SWIFT_EMIT_LOC_STRINGS = YES;
				SWIFT_VERSION = 5.0;
				TARGETED_DEVICE_FAMILY = "1,2";
			};
			name = Release;
		};
/* End XCBuildConfiguration section */

/* Begin XCConfigurationList section */
		9E208E6B2979B3F5001CF701 /* Build configuration list for PBXProject "Fiftneen-iOS" */ = {
			isa = XCConfigurationList;
			buildConfigurations = (
				9E208E7C2979B3F8001CF701 /* Debug */,
				9E208E7D2979B3F8001CF701 /* Release */,
			);
			defaultConfigurationIsVisible = 0;
			defaultConfigurationName = Release;
		};
		9E208E7E2979B3F8001CF701 /* Build configuration list for PBXNativeTarget "Fiftneen-iOS" */ = {
			isa = XCConfigurationList;
			buildConfigurations = (
				9E208E7F2979B3F8001CF701 /* Debug */,
				9E208E802979B3F8001CF701 /* Release */,
			);
			defaultConfigurationIsVisible = 0;
			defaultConfigurationName = Release;
		};
/* End XCConfigurationList section */
	};
	rootObject = 9E208E682979B3F5001CF701 /* Project object */;
}
